#
# This file is autogenerated by pip-compile with Python 3.13
# by the following command:
#
#    pip-compile --generate-hashes --output-file=requirements.lock --strip-extras requirements.in
#
cli-helpers==2.10.1 \
    --hash=sha256:009e52d35f9ed818daf755608927af37c09848e8b457631b8955ded9e3d5673e \
    --hash=sha256:48868af3633b737d8d47c988c023b70332c05c420a6dc55d4a611e56583eb299
    # via
    #   -r requirements.in
    #   pgcli
click==8.1.7 \
    --hash=sha256:ae74fb96c20a0277a1d615f1e4d73c8414f5a98db8b799a7931d1582f3390c28 \
    --hash=sha256:ca9853ad459e787e2192211578cc907e7594e294c7ccc834310722b41b9ca6de
    # via
    #   pgcli
    #   pgspecial
configobj==5.0.9 \
    --hash=sha256:03c881bbf23aa07bccf1b837005975993c4ab4427ba57f959afdd9d1a2386848 \
    --hash=sha256:1ba10c5b6ee16229c79a05047aeda2b55eb4e80d7c7d8ecf17ec1ca600c79882
    # via
    #   cli-helpers
    #   pgcli
pgcli==4.4.0 \
    --hash=sha256:5eac36b0e5afeff919baa3088e5ef49feef20815d18250f99f2cdf29851b64c4 \
    --hash=sha256:bd5f8d68af28fd69551a3cb48a2849cad5f6854aa48022e9d98c6236d109eeae
    # via -r requirements.in
pgspecial==2.2.1 \
    --hash=sha256:08d86faaf360603a25850e259efc083bded4c1e8ffd2cfe2950b8ceefdfb4c9c \
    --hash=sha256:da6c7fcc7bef7bb0132dc2046f74ec6513b1fe6f0c80e5528d630d14b7c4849d
    # via pgcli
prompt-toolkit==3.0.52 \
    --hash=sha256:28cde192929c8e7321de85de1ddbe736f1375148b02f2e17edd840042b1be855 \
    --hash=sha256:9aac639a3bbd33284347de5ad8d68ecc044b91a762dc39b7c21095fcd6a19955
    # via pgcli
psycopg==3.3.2 \
    --hash=sha256:3e94bc5f4690247d734599af56e51bae8e0db8e4311ea413f801fef82b14a99b \
    --hash=sha256:707a67975ee214d200511177a6a80e56e654754c9afca06a7194ea6bbfde9ca7
    # via
    #   pgcli
    #   pgspecial
pygments==2.19.2 \
    --hash=sha256:636cb2477cec7f8952536970bc533bc43743542f70392ae026374600add5b887 \
    --hash=sha256:86540386c03d588bb81d44bc3928634ff26449851e99741617ecb9037ee5ec0b
    # via
    #   cli-helpers
    #   pgcli
setproctitle==1.3.7 \
    --hash=sha256:00afa6fc507967d8c9d592a887cdc6c1f5742ceac6a4354d111ca0214847732c \
    --hash=sha256:01f27b5b72505b304152cb0bd7ff410cc4f2d69ac70c21a7fdfa64400a68642d \
    --hash=sha256:02432f26f5d1329ab22279ff863c83589894977063f59e6c4b4845804a08f8c2 \
    --hash=sha256:047138279f9463f06b858e579cc79580fbf7a04554d24e6bddf8fe5dddbe3d4c \
    --hash=sha256:0564a936ea687cd24dffcea35903e2a20962aa6ac20e61dd3a207652401492dd \
    --hash=sha256:0b5074649797fd07c72ca1f6bff0406f4a42e1194faac03ecaab765ce605866f \
    --hash=sha256:10e92915c4b3086b1586933a36faf4f92f903c5554f3c34102d18c7d3f5378e9 \
    --hash=sha256:134e7f66703a1d92c0a9a0a417c580f2cc04b93d31d3fc0dd43c3aa194b706e1 \
    --hash=sha256:13fe37951dda1a45c35d77d06e3da5d90e4f875c4918a7312b3b4556cfa7ff64 \
    --hash=sha256:1403d2abfd32790b6369916e2313dffbe87d6b11dca5bbd898981bcde48e7a2b \
    --hash=sha256:14c7eba8d90c93b0e79c01f0bd92a37b61983c27d6d7d5a3b5defd599113d60e \
    --hash=sha256:1607b963e7b53e24ec8a2cb4e0ab3ae591d7c6bf0a160feef0551da63452b37f \
    --hash=sha256:1fae595d032b30dab4d659bece20debd202229fce12b55abab978b7f30783d73 \
    --hash=sha256:23e520776c445478a67ee71b2a3c1ffdafbe1f9f677239e03d7e2cc635954e18 \
    --hash=sha256:2906b6c7959cdb75f46159bf0acd8cc9906cf1361c9e1ded0d065fe8f9039629 \
    --hash=sha256:2a4e03bd9aa5d10b8702f00ec1b740691da96b5003432f3000d60c56f1c2b4d3 \
    --hash=sha256:2dc99aec591ab6126e636b11035a70991bc1ab7a261da428491a40b84376654e \
    --hash=sha256:316664d8b24a5c91ee244460bdaf7a74a707adaa9e14fbe0dc0a53168bb9aba1 \
    --hash=sha256:318ddcf88dafddf33039ad41bc933e1c49b4cb196fe1731a209b753909591680 \
    --hash=sha256:3384e682b158d569e85a51cfbde2afd1ab57ecf93ea6651fe198d0ba451196ee \
    --hash=sha256:35a2cabcfdea4643d7811cfe9f3d92366d282b38ef5e7e93e25dafb6f97b0a59 \
    --hash=sha256:376761125ab5dab822d40eaa7d9b7e876627ecd41de8fa5336713b611b47ccef \
    --hash=sha256:3a57b9a00de8cae7e2a1f7b9f0c2ac7b69372159e16a7708aa2f38f9e5cc987a \
    --hash=sha256:45e3ef48350abb49cf937d0a8ba15e42cee1e5ae13ca41a77c66d1abc27a5070 \
    --hash=sha256:46178672599b940368d769474fe13ecef1b587d58bb438ea72b9987f74c56ea5 \
    --hash=sha256:47d36e418ab86b3bc7946e27155e281a743274d02cd7e545f5d628a2875d32f9 \
    --hash=sha256:4a5e212bf438a4dbeece763f4962ad472c6008ff6702e230b4f16a037e2f6f29 \
    --hash=sha256:502b902a0e4c69031b87870ff4986c290ebbb12d6038a70639f09c331b18efb2 \
    --hash=sha256:52b054a61c99d1b72fba58b7f5486e04b20fefc6961cd76722b424c187f362ed \
    --hash=sha256:5818e4080ac04da1851b3ec71e8a0f64e3748bf9849045180566d8b736702416 \
    --hash=sha256:585edf25e54e21a94ccb0fe81ad32b9196b69ebc4fc25f81da81fb8a50cca9e4 \
    --hash=sha256:5ce2613e1361959bff81317dc30a60adb29d8132b6159608a783878fc4bc4bbc \
    --hash=sha256:5fa1953126a3b9bd47049d58c51b9dac72e78ed120459bd3aceb1bacee72357c \
    --hash=sha256:6134c63853d87a4897ba7d5cc0e16abfa687f6c66fc09f262bb70d67718f2309 \
    --hash=sha256:61e96febced3f61b766115381d97a21a6265a0f29188a791f6df7ed777aef698 \
    --hash=sha256:690b4776f9c15aaf1023bb07d7c5b797681a17af98a4a69e76a1d504e41108b7 \
    --hash=sha256:6915964a6dda07920a1159321dcd6d94fc7fc526f815ca08a8063aeca3c204f1 \
    --hash=sha256:6da835e76ae18574859224a75db6e15c4c2aaa66d300a57efeaa4c97ca4c7381 \
    --hash=sha256:6f1be447456fe1e16c92f5fb479404a850d8f4f4ff47192fde14a59b0bae6a0a \
    --hash=sha256:6fc87caf9e323ac426910306c3e5d3205cd9f8dcac06d233fcafe9337f0928a3 \
    --hash=sha256:7081f193dab22df2c36f9fc6d113f3793f83c27891af8fe30c64d89d9a37e152 \
    --hash=sha256:7f47accafac7fe6535ba8ba9efd59df9d84a6214565108d0ebb1199119c9cbbd \
    --hash=sha256:7f9e9e3ff135cbcc3edd2f4cf29b139f4aca040d931573102742db70ff428c17 \
    --hash=sha256:80b6a562cbc92b289c28f34ce709a16b26b1696e9b9a0542a675ce3a788bdf3f \
    --hash=sha256:80c36c6a87ff72eabf621d0c79b66f3bdd0ecc79e873c1e9f0651ee8bf215c63 \
    --hash=sha256:80e177eff2d1ec172188d0d7fd9694f8e43d3aab76a6f5f929bee7bf7894e98b \
    --hash=sha256:83fcd271567d133eb9532d3b067c8a75be175b2b3b271e2812921a05303a693f \
    --hash=sha256:8ce2e39a40fca82744883834683d833e0eb28623752cc1c21c2ec8f06a890b39 \
    --hash=sha256:96c38cdeef9036eb2724c2210e8d0b93224e709af68c435d46a4733a3675fee1 \
    --hash=sha256:9796732a040f617fc933f9531c9a84bb73c5c27b8074abbe52907076e804b2b7 \
    --hash=sha256:97a090fed480471bb175689859532709e28c085087e344bca45cf318034f70c4 \
    --hash=sha256:9888ceb4faea3116cf02a920ff00bfbc8cc899743e4b4ac914b03625bdc3c300 \
    --hash=sha256:9cc9b901ce129350637426a89cfd650066a4adc6899e47822e2478a74023ff7c \
    --hash=sha256:9e02667f6b9fc1238ba753c0f4b0a37ae184ce8f3bbbc38e115d99646b3f4cd3 \
    --hash=sha256:9e64e98077fb30b6cf98073d6c439cd91deb8ebbf8fc62d9dbf52bd38b0c6ac0 \
    --hash=sha256:9e803d1b1e20240a93bac0bc1025363f7f80cb7eab67dfe21efc0686cc59ad7c \
    --hash=sha256:a05509cfb2059e5d2ddff701d38e474169e9ce2a298cf1b6fd5f3a213a553fe5 \
    --hash=sha256:a20fb1a3974e2dab857870cf874b325b8705605cb7e7e8bcbb915bca896f52a9 \
    --hash=sha256:a5d1cb3f81531f0eb40e13246b679a1bdb58762b170303463cb06ecc296f26d0 \
    --hash=sha256:a600eeb4145fb0ee6c287cb82a2884bd4ec5bbb076921e287039dcc7b7cc6dd0 \
    --hash=sha256:a74714ce836914063c36c8a26ae11383cf8a379698c989fe46883e38a8faa5be \
    --hash=sha256:a7d159e7345f343b44330cbba9194169b8590cb13dae940da47aa36a72aa9929 \
    --hash=sha256:a93e4770ac22794cfa651ee53f092d7de7105c76b9fc088bb81ca0dcf698f704 \
    --hash=sha256:a97200acc6b64ec4cada52c2ecaf1fba1ef9429ce9c542f8a7db5bcaa9dcbd95 \
    --hash=sha256:acb9097213a8dd3410ed9f0dc147840e45ca9797785272928d4be3f0e69e3be4 \
    --hash=sha256:b0304f905efc845829ac2bc791ddebb976db2885f6171f4a3de678d7ee3f7c9f \
    --hash=sha256:b08b61976ffa548bd5349ce54404bf6b2d51bd74d4f1b241ed1b0f25bce09c3a \
    --hash=sha256:b1cac6a4b0252b8811d60b6d8d0f157c0fdfed379ac89c25a914e6346cf355a1 \
    --hash=sha256:b53602371a52b91c80aaf578b5ada29d311d12b8a69c0c17fbc35b76a1fd4f2e \
    --hash=sha256:b74774ca471c86c09b9d5037c8451fff06bb82cd320d26ae5a01c758088c0d5d \
    --hash=sha256:b7cb05bd446687ff816a3aaaf831047fc4c364feff7ada94a66024f1367b448c \
    --hash=sha256:b91387cc0f02a00ac95dcd93f066242d3cca10ff9e6153de7ee07069c6f0f7c8 \
    --hash=sha256:bc2bc917691c1537d5b9bca1468437176809c7e11e5694ca79a9ca12345dcb9e \
    --hash=sha256:be7e01f3ad8d0e43954bebdb3088cb466633c2f4acdd88647e7fbfcfe9b9729f \
    --hash=sha256:c18246d88e227a5b16248687514f95642505000442165f4b7db354d39d0e4c29 \
    --hash=sha256:c3736b2a423146b5e62230502e47e08e68282ff3b69bcfe08a322bee73407922 \
    --hash=sha256:c4fb90174d176473122e7eef7c6492d53761826f34ff61c81a1c1d66905025d3 \
    --hash=sha256:c77b3f58a35f20363f6e0a1219b367fbf7e2d2efe3d2c32e1f796447e6061c10 \
    --hash=sha256:cbc388e3d86da1f766d8fc2e12682e446064c01cea9f88a88647cfe7c011de6a \
    --hash=sha256:cdd8aa571b7aa39840fdbea620e308a19691ff595c3a10231e9ee830339dd798 \
    --hash=sha256:cf2727b733e90b4f874bac53e3092aa0413fe1ea6d4f153f01207e6ce65034d9 \
    --hash=sha256:cf555b6299f10a6eb44e4f96d2f5a3884c70ce25dc5c8796aaa2f7b40e72cb1b \
    --hash=sha256:cff72899861c765bd4021d1ff1c68d60edc129711a2fdba77f9cb69ef726a8b6 \
    --hash=sha256:d8828b356114f6b308b04afe398ed93803d7fca4a955dd3abe84430e28d33739 \
    --hash=sha256:db0fd964fbd3a9f8999b502f65bd2e20883fdb5b1fae3a424e66db9a793ed307 \
    --hash=sha256:db116850fcf7cca19492030f8d3b4b6e231278e8fe097a043957d22ce1bdf3ee \
    --hash=sha256:de879e9c2eab637f34b1a14c4da1e030c12658cdc69ee1b3e5be81b380163ce5 \
    --hash=sha256:deda9d79d1eb37b688729cac2dba0c137e992ebea960eadb7c2c255524c869e0 \
    --hash=sha256:e7c5bfe4228ea22373e3025965d1a4116097e555ee3436044f5c954a5e63ac45 \
    --hash=sha256:eb440c5644a448e6203935ed60466ec8d0df7278cd22dc6cf782d07911bcbea6 \
    --hash=sha256:f1704c9e041f2b1dc38f5be4552e141e1432fba3dd52c72eeffd5bc2db04dc65 \
    --hash=sha256:f2ae6c3f042fc866cc0fa2bc35ae00d334a9fa56c9d28dfc47d1b4f5ed23e375 \
    --hash=sha256:f6f268caeabb37ccd824d749e7ce0ec6337c4ed954adba33ec0d90cc46b0ab78 \
    --hash=sha256:f8d961bba676e07d77665204f36cffaa260f526e7b32d07ab3df6a2c1dfb44ba \
    --hash=sha256:fcb966a6c57cf07cc9448321a08f3be6b11b7635be502669bc1d8745115d7e7f \
    --hash=sha256:fe5ca35aeec6dc50cabab9bf2d12fbc9067eede7ff4fe92b8f5b99d92e21263f \
    --hash=sha256:ff3c1c32382fb71a200db8bab3df22f32e6ac7ec3170e92fa5b542cf42eed9a2
    # via pgcli
sqlparse==0.5.5 \
    --hash=sha256:12a08b3bf3eec877c519589833aed092e2444e68240a3577e8e26148acc7b1ba \
    --hash=sha256:e20d4a9b0b8585fdf63b10d30066c7c94c5d7a7ec47c889a2d83a3caa93ff28e
    # via
    #   pgcli
    #   pgspecial
tabulate==0.9.0 \
    --hash=sha256:0095b12bf5966de529c0feb1fa08671671b3368eec77d7ef7ab114be2c068b3c \
    --hash=sha256:024ca478df22e9340661486f85298cff5f6dcdba14f3813e8830015b9ed1948f
    # via cli-helpers
typing-extensions==4.15.0 \
    --hash=sha256:0cea48d173cc12fa28ecabc3b837ea3cf6f38c6d1136f85cbaaf598984861466 \
    --hash=sha256:f0fa19c6845758ab08074a0cfa8b7aecb71c999ca73d62883bc25cc018c4e548
    # via -r requirements.in
tzlocal==5.3.1 \
    --hash=sha256:cceffc7edecefea1f595541dbd6e990cb1ea3d19bf01b2809f362a03dd7921fd \
    --hash=sha256:eb1a66c3ef5847adf7a834f1be0800581b683b5608e74f86ecbcef8ab91bb85d
    # via pgcli
wcwidth==0.6.0 \
    --hash=sha256:1a3a1e510b553315f8e146c54764f4fb6264ffad731b3d78088cdb1478ffbdad \
    --hash=sha256:cdc4e4262d6ef9a1a57e018384cbeb1208d8abbc64176027e2c2455c81313159
    # via
    #   prompt-toolkit
    #   tabulate
